
Microsoft Visual Studio Solution File, Format Version 12.00
# Visual Studio Version 17
VisualStudioVersion = 17.9.34728.123
MinimumVisualStudioVersion = 10.0.40219.1
Project("{9A19103F-16F7-4668-BE54-9A1E7A4F7556}") = "RangeTask", "RangeTask\RangeTask.csproj", "{C239BE88-5322-43EC-BC24-91B56F8B601B}"
EndProject
Project("{FAE04EC0-301F-11D3-BF4B-00C04F79EFBC}") = "ShapesTask", "ShapesTask\ShapesTask.csproj", "{BE0465C4-30FF-444A-884C-762392258FDB}"
EndProject
Global
	GlobalSection(SolutionConfigurationPlatforms) = preSolution
		Debug|Any CPU = Debug|Any CPU
		Release|Any CPU = Release|Any CPU
	EndGlobalSection
	GlobalSection(ProjectConfigurationPlatforms) = postSolution
		{C239BE88-5322-43EC-BC24-91B56F8B601B}.Debug|Any CPU.ActiveCfg = Debug|Any CPU
		{C239BE88-5322-43EC-BC24-91B56F8B601B}.Debug|Any CPU.Build.0 = Debug|Any CPU
		{C239BE88-5322-43EC-BC24-91B56F8B601B}.Release|Any CPU.ActiveCfg = Release|Any CPU
		{C239BE88-5322-43EC-BC24-91B56F8B601B}.Release|Any CPU.Build.0 = Release|Any CPU
		{BE0465C4-30FF-444A-884C-762392258FDB}.Debug|Any CPU.ActiveCfg = Debug|Any CPU
		{BE0465C4-30FF-444A-884C-762392258FDB}.Debug|Any CPU.Build.0 = Debug|Any CPU
		{BE0465C4-30FF-444A-884C-762392258FDB}.Release|Any CPU.ActiveCfg = Release|Any CPU
		{BE0465C4-30FF-444A-884C-762392258FDB}.Release|Any CPU.Build.0 = Release|Any CPU
	EndGlobalSection
	GlobalSection(SolutionProperties) = preSolution
		HideSolutionNode = FALSE
	EndGlobalSection
	GlobalSection(ExtensibilityGlobals) = postSolution
		SolutionGuid = {CB555D1E-9306-438D-A842-6CDD6DB1317E}
	EndGlobalSection
EndGlobal
