
Microsoft Visual Studio Solution File, Format Version 12.00
# Visual Studio Version 17
VisualStudioVersion = 17.9.34728.123
MinimumVisualStudioVersion = 10.0.40219.1
Project("{9A19103F-16F7-4668-BE54-9A1E7A4F7556}") = "RangeTask", "RangeTask\RangeTask.csproj", "{C239BE88-5322-43EC-BC24-91B56F8B601B}"
EndProject
Project("{9A19103F-16F7-4668-BE54-9A1E7A4F7556}") = "ShapesTask", "ShapesTask\ShapesTask.csproj", "{BE0465C4-30FF-444A-884C-762392258FDB}"
EndProject
Project("{9A19103F-16F7-4668-BE54-9A1E7A4F7556}") = "ArrayList", "ArrayList\ArrayList.csproj", "{BEDBEAD4-00B3-4FE5-8B16-D8E86AD6C42E}"
EndProject
Project("{9A19103F-16F7-4668-BE54-9A1E7A4F7556}") = "LambdaExpressionTask", "Lambda\LambdaExpressionTask.csproj", "{62E6F005-A359-41A8-91BA-266C98D45BFF}"
EndProject
Project("{9A19103F-16F7-4668-BE54-9A1E7A4F7556}") = "ArrayListHomeTask", "ArrayListHomeTask\ArrayListHomeTask.csproj", "{097825E4-93D3-4A23-925A-790C62527E49}"
EndProject
Project("{9A19103F-16F7-4668-BE54-9A1E7A4F7556}") = "ListTask", "ListTask\ListTask.csproj", "{499834DD-8349-4D73-8A95-B18B0CC67FCB}"
EndProject
Project("{FAE04EC0-301F-11D3-BF4B-00C04F79EFBC}") = "VectorTask", "VectorTask\VectorTask.csproj", "{ADD028C7-3232-45D3-8340-436B1BF1B5A8}"
EndProject
Project("{FAE04EC0-301F-11D3-BF4B-00C04F79EFBC}") = "MatrixTask", "MatrixTask\MatrixTask.csproj", "{2116975C-11DC-4CC6-84B7-53C0EF313D50}"
EndProject
Global
	GlobalSection(SolutionConfigurationPlatforms) = preSolution
		Debug|Any CPU = Debug|Any CPU
		Release|Any CPU = Release|Any CPU
	EndGlobalSection
	GlobalSection(ProjectConfigurationPlatforms) = postSolution
		{C239BE88-5322-43EC-BC24-91B56F8B601B}.Debug|Any CPU.ActiveCfg = Debug|Any CPU
		{C239BE88-5322-43EC-BC24-91B56F8B601B}.Debug|Any CPU.Build.0 = Debug|Any CPU
		{C239BE88-5322-43EC-BC24-91B56F8B601B}.Release|Any CPU.ActiveCfg = Release|Any CPU
		{C239BE88-5322-43EC-BC24-91B56F8B601B}.Release|Any CPU.Build.0 = Release|Any CPU
		{BE0465C4-30FF-444A-884C-762392258FDB}.Debug|Any CPU.ActiveCfg = Debug|Any CPU
		{BE0465C4-30FF-444A-884C-762392258FDB}.Debug|Any CPU.Build.0 = Debug|Any CPU
		{BE0465C4-30FF-444A-884C-762392258FDB}.Release|Any CPU.ActiveCfg = Release|Any CPU
		{BE0465C4-30FF-444A-884C-762392258FDB}.Release|Any CPU.Build.0 = Release|Any CPU
		{BEDBEAD4-00B3-4FE5-8B16-D8E86AD6C42E}.Debug|Any CPU.ActiveCfg = Debug|Any CPU
		{BEDBEAD4-00B3-4FE5-8B16-D8E86AD6C42E}.Debug|Any CPU.Build.0 = Debug|Any CPU
		{BEDBEAD4-00B3-4FE5-8B16-D8E86AD6C42E}.Release|Any CPU.ActiveCfg = Release|Any CPU
		{BEDBEAD4-00B3-4FE5-8B16-D8E86AD6C42E}.Release|Any CPU.Build.0 = Release|Any CPU
		{62E6F005-A359-41A8-91BA-266C98D45BFF}.Debug|Any CPU.ActiveCfg = Debug|Any CPU
		{62E6F005-A359-41A8-91BA-266C98D45BFF}.Debug|Any CPU.Build.0 = Debug|Any CPU
		{62E6F005-A359-41A8-91BA-266C98D45BFF}.Release|Any CPU.ActiveCfg = Release|Any CPU
		{62E6F005-A359-41A8-91BA-266C98D45BFF}.Release|Any CPU.Build.0 = Release|Any CPU
		{097825E4-93D3-4A23-925A-790C62527E49}.Debug|Any CPU.ActiveCfg = Debug|Any CPU
		{097825E4-93D3-4A23-925A-790C62527E49}.Debug|Any CPU.Build.0 = Debug|Any CPU
		{097825E4-93D3-4A23-925A-790C62527E49}.Release|Any CPU.ActiveCfg = Release|Any CPU
		{097825E4-93D3-4A23-925A-790C62527E49}.Release|Any CPU.Build.0 = Release|Any CPU
		{499834DD-8349-4D73-8A95-B18B0CC67FCB}.Debug|Any CPU.ActiveCfg = Debug|Any CPU
		{499834DD-8349-4D73-8A95-B18B0CC67FCB}.Debug|Any CPU.Build.0 = Debug|Any CPU
		{499834DD-8349-4D73-8A95-B18B0CC67FCB}.Release|Any CPU.ActiveCfg = Release|Any CPU
		{499834DD-8349-4D73-8A95-B18B0CC67FCB}.Release|Any CPU.Build.0 = Release|Any CPU
		{ADD028C7-3232-45D3-8340-436B1BF1B5A8}.Debug|Any CPU.ActiveCfg = Debug|Any CPU
		{ADD028C7-3232-45D3-8340-436B1BF1B5A8}.Debug|Any CPU.Build.0 = Debug|Any CPU
		{ADD028C7-3232-45D3-8340-436B1BF1B5A8}.Release|Any CPU.ActiveCfg = Release|Any CPU
		{ADD028C7-3232-45D3-8340-436B1BF1B5A8}.Release|Any CPU.Build.0 = Release|Any CPU
		{2116975C-11DC-4CC6-84B7-53C0EF313D50}.Debug|Any CPU.ActiveCfg = Debug|Any CPU
		{2116975C-11DC-4CC6-84B7-53C0EF313D50}.Debug|Any CPU.Build.0 = Debug|Any CPU
		{2116975C-11DC-4CC6-84B7-53C0EF313D50}.Release|Any CPU.ActiveCfg = Release|Any CPU
		{2116975C-11DC-4CC6-84B7-53C0EF313D50}.Release|Any CPU.Build.0 = Release|Any CPU
	EndGlobalSection
	GlobalSection(SolutionProperties) = preSolution
		HideSolutionNode = FALSE
	EndGlobalSection
	GlobalSection(ExtensibilityGlobals) = postSolution
		SolutionGuid = {CB555D1E-9306-438D-A842-6CDD6DB1317E}
	EndGlobalSection
EndGlobal
